lockfileVersion: 5.4

specifiers:
  '@prisma/client': ^4.10.1
  dayjs: ^1.11.7
  dotenv-cli: ^7.0.0
  prisma: ^4.10.1

dependencies:
  '@prisma/client': 4.10.1_prisma@4.10.1
  dayjs: 1.11.7

devDependencies:
  dotenv-cli: 7.0.0
  prisma: 4.10.1

packages:

  /@prisma/client/4.10.1_prisma@4.10.1:
    resolution: {integrity: sha512-VonXLJZybdt8e5XZH5vnIGCRNnIh6OMX1FS3H/yzMGLT3STj5TJ/OkMcednrvELgk8PK89Vo3aSh51MWNO0axA==}
    engines: {node: '>=14.17'}
    requiresBuild: true
    peerDependencies:
      prisma: '*'
    peerDependenciesMeta:
      prisma:
        optional: true
    dependencies:
      '@prisma/engines-version': 4.10.1-2.aead147aa326ccb985dcfed5b065b4fdabd44b19
      prisma: 4.10.1
    dev: false

  /@prisma/engines-version/4.10.1-2.aead147aa326ccb985dcfed5b065b4fdabd44b19:
    resolution: {integrity: sha512-tsjTho7laDhf9EJ9EnDxAPEf7yrigSMDhniXeU4YoWc7azHAs4GPxRi2P9LTFonmHkJLMOLjR77J1oIP8Ife1w==}
    dev: false

  /@prisma/engines/4.10.1:
    resolution: {integrity: sha512-B3tcTxjx196nuAu1GOTKO9cGPUgTFHYRdkPkTS4m5ptb2cejyBlH9X7GOfSt3xlI7p4zAJDshJP4JJivCg9ouA==}
    requiresBuild: true

  /cross-spawn/7.0.3:
    resolution: {integrity: sha512-iRDPJKUPVEND7dHPO8rkbOnPpyDygcDFtWjpeWNCgy8WP2rXcxXL8TskReQl6OrB2G7+UJrags1q15Fudc7G6w==}
    engines: {node: '>= 8'}
    dependencies:
      path-key: 3.1.1
      shebang-command: 2.0.0
      which: 2.0.2
    dev: true

  /dayjs/1.11.7:
    resolution: {integrity: sha512-+Yw9U6YO5TQohxLcIkrXBeY73WP3ejHWVvx8XCk3gxvQDCTEmS48ZrSZCKciI7Bhl/uCMyxYtE9UqRILmFphkQ==}
    dev: false

  /dotenv-cli/7.0.0:
    resolution: {integrity: sha512-XfMzVdpdDTRnlcgvFLg3lSyiLXqFxS4tH7RbK5IxkC4XIUuxPyrGoDufkfLjy/dA28EILzEu+mros6h8aQmyGg==}
    hasBin: true
    dependencies:
      cross-spawn: 7.0.3
      dotenv: 16.0.3
      dotenv-expand: 10.0.0
      minimist: 1.2.8
    dev: true

  /dotenv-expand/10.0.0:
    resolution: {integrity: sha512-GopVGCpVS1UKH75VKHGuQFqS1Gusej0z4FyQkPdwjil2gNIv+LNsqBlboOzpJFZKVT95GkCyWJbBSdFEFUWI2A==}
    engines: {node: '>=12'}
    dev: true

  /dotenv/16.0.3:
    resolution: {integrity: sha512-7GO6HghkA5fYG9TYnNxi14/7K9f5occMlp3zXAuSxn7CKCxt9xbNWG7yF8hTCSUchlfWSe3uLmlPfigevRItzQ==}
    engines: {node: '>=12'}
    dev: true

  /isexe/2.0.0:
    resolution: {integrity: sha512-RHxMLp9lnKHGHRng9QFhRCMbYAcVpn69smSGcq3f36xjgVVWThj4qqLbTLlq7Ssj8B+fIQ1EuCEGI2lKsyQeIw==}
    dev: true

  /minimist/1.2.8:
    resolution: {integrity: sha512-2yyAR8qBkN3YuheJanUpWC5U3bb5osDywNB8RzDVlDwDHbocAJveqqj1u8+SVD7jkWT4yvsHCpWqqWqAxb0zCA==}
    dev: true

  /path-key/3.1.1:
    resolution: {integrity: sha512-ojmeN0qd+y0jszEtoY48r0Peq5dwMEkIlCOu6Q5f41lfkswXuKtYrhgoTpLnyIcHm24Uhqx+5Tqm2InSwLhE6Q==}
    engines: {node: '>=8'}
    dev: true

  /prisma/4.10.1:
    resolution: {integrity: sha512-0jDxgg+DruB1kHVNlcspXQB9au62IFfVg9drkhzXudszHNUAQn0lVuu+T8np0uC2z1nKD5S3qPeCyR8u5YFLnA==}
    engines: {node: '>=14.17'}
    hasBin: true
    requiresBuild: true
    dependencies:
      '@prisma/engines': 4.10.1

  /shebang-command/2.0.0:
    resolution: {integrity: sha512-kHxr2zZpYtdmrN1qDjrrX/Z1rR1kG8Dx+gkpK1G4eXmvXswmcE1hTWBWYUzlraYw1/yZp6YuDY77YtvbN0dmDA==}
    engines: {node: '>=8'}
    dependencies:
      shebang-regex: 3.0.0
    dev: true

  /shebang-regex/3.0.0:
    resolution: {integrity: sha512-7++dFhtcx3353uBaq8DDR4NuxBetBzC7ZQOhmTQInHEd6bSrXdiEyzCvG07Z44UYdLShWUyXt5M/yhz8ekcb1A==}
    engines: {node: '>=8'}
    dev: true

  /which/2.0.2:
    resolution: {integrity: sha512-BLI3Tl1TW3Pvl70l3yq3Y64i+awpwXqsGBYWkkqMtnbXgrMD+yj7rhW0kuEDxzJaYXGjEW5ogapKNMEKNMjibA==}
    engines: {node: '>= 8'}
    hasBin: true
    dependencies:
      isexe: 2.0.0
    dev: true
